{
  "object": {
    "pins": [
      {
        "package": "FetchImage",
        "repositoryURL": "https://github.com/kean/FetchImage.git",
        "state": {
          "branch": null,
          "revision": "0980e4cd71a8e86cb4b297293677cffcabbc2dc3",
          "version": "0.4.1"
        }
      },
      {
        "package": "Nuke",
        "repositoryURL": "https://github.com/kean/Nuke.git",
        "state": {
          "branch": null,
          "revision": "7f73ceaeacd5df75a7994cd82e165ad9ff1815db",
          "version": "9.6.1"
        }
      }
    ]
  },
  "version": 1
}
